
Microsoft Visual Studio Solution File, Format Version 12.00
# Visual Studio 2013
VisualStudioVersion = 12.0.30723.0
MinimumVisualStudioVersion = 10.0.40219.1
Project("{8BC9CEB8-8B4A-11D0-8D11-00A0C91BC942}") = "Para_06_07_2016_friendly_function_and_classes", "Para_06_07_2016_friendly_function_and_classes\Para_06_07_2016_friendly_function_and_classes.vcxproj", "{CD986FF2-B5E8-4FB5-AC85-7F29CA259739}"
EndProject
Global
	GlobalSection(SolutionConfigurationPlatforms) = preSolution
		Debug|Win32 = Debug|Win32
		Release|Win32 = Release|Win32
	EndGlobalSection
	GlobalSection(ProjectConfigurationPlatforms) = postSolution
		{CD986FF2-B5E8-4FB5-AC85-7F29CA259739}.Debug|Win32.ActiveCfg = Debug|Win32
		{CD986FF2-B5E8-4FB5-AC85-7F29CA259739}.Debug|Win32.Build.0 = Debug|Win32
		{CD986FF2-B5E8-4FB5-AC85-7F29CA259739}.Release|Win32.ActiveCfg = Release|Win32
		{CD986FF2-B5E8-4FB5-AC85-7F29CA259739}.Release|Win32.Build.0 = Release|Win32
	EndGlobalSection
	GlobalSection(SolutionProperties) = preSolution
		HideSolutionNode = FALSE
	EndGlobalSection
EndGlobal
