
Microsoft Visual Studio Solution File, Format Version 12.00
# Visual Studio 2013
VisualStudioVersion = 12.0.30723.0
MinimumVisualStudioVersion = 10.0.40219.1
Project("{8BC9CEB8-8B4A-11D0-8D11-00A0C91BC942}") = "Car_2016_07_11", "Car_2016_07_11\Car_2016_07_11.vcxproj", "{F0BE4D3C-59A3-44FD-9020-98BD1B64DDFA}"
EndProject
Global
	GlobalSection(SolutionConfigurationPlatforms) = preSolution
		Debug|Win32 = Debug|Win32
		Release|Win32 = Release|Win32
	EndGlobalSection
	GlobalSection(ProjectConfigurationPlatforms) = postSolution
		{F0BE4D3C-59A3-44FD-9020-98BD1B64DDFA}.Debug|Win32.ActiveCfg = Debug|Win32
		{F0BE4D3C-59A3-44FD-9020-98BD1B64DDFA}.Debug|Win32.Build.0 = Debug|Win32
		{F0BE4D3C-59A3-44FD-9020-98BD1B64DDFA}.Release|Win32.ActiveCfg = Release|Win32
		{F0BE4D3C-59A3-44FD-9020-98BD1B64DDFA}.Release|Win32.Build.0 = Release|Win32
	EndGlobalSection
	GlobalSection(SolutionProperties) = preSolution
		HideSolutionNode = FALSE
	EndGlobalSection
EndGlobal
